
Microsoft Visual Studio Solution File, Format Version 12.00
# Visual Studio 14
VisualStudioVersion = 14.0.25420.1
MinimumVisualStudioVersion = 10.0.40219.1
Project("{FAE04EC0-301F-11D3-BF4B-00C04F79EFBC}") = "ParkingApi", "ParkingApi\ParkingApi\ParkingApi.csproj", "{4C5F3296-EF73-457F-9D06-23EDCA949D7B}"
EndProject
Project("{FAE04EC0-301F-11D3-BF4B-00C04F79EFBC}") = "ParkingClient", "ParkingClient\ParkingClient.csproj", "{049E6EDB-AF5D-49BF-9676-B78FCC26981B}"
EndProject
Project("{FAE04EC0-301F-11D3-BF4B-00C04F79EFBC}") = "BroadcasterWebJob", "BroadcasterWebJob\BroadcasterWebJob.csproj", "{B9658271-4101-48F9-806B-38BD6B750556}"
EndProject
Global
	GlobalSection(SolutionConfigurationPlatforms) = preSolution
		Debug|Any CPU = Debug|Any CPU
		Release|Any CPU = Release|Any CPU
	EndGlobalSection
	GlobalSection(ProjectConfigurationPlatforms) = postSolution
		{4C5F3296-EF73-457F-9D06-23EDCA949D7B}.Debug|Any CPU.ActiveCfg = Debug|Any CPU
		{4C5F3296-EF73-457F-9D06-23EDCA949D7B}.Debug|Any CPU.Build.0 = Debug|Any CPU
		{4C5F3296-EF73-457F-9D06-23EDCA949D7B}.Release|Any CPU.ActiveCfg = Release|Any CPU
		{4C5F3296-EF73-457F-9D06-23EDCA949D7B}.Release|Any CPU.Build.0 = Release|Any CPU
		{049E6EDB-AF5D-49BF-9676-B78FCC26981B}.Debug|Any CPU.ActiveCfg = Debug|Any CPU
		{049E6EDB-AF5D-49BF-9676-B78FCC26981B}.Debug|Any CPU.Build.0 = Debug|Any CPU
		{049E6EDB-AF5D-49BF-9676-B78FCC26981B}.Release|Any CPU.ActiveCfg = Release|Any CPU
		{049E6EDB-AF5D-49BF-9676-B78FCC26981B}.Release|Any CPU.Build.0 = Release|Any CPU
		{B9658271-4101-48F9-806B-38BD6B750556}.Debug|Any CPU.ActiveCfg = Debug|Any CPU
		{B9658271-4101-48F9-806B-38BD6B750556}.Debug|Any CPU.Build.0 = Debug|Any CPU
		{B9658271-4101-48F9-806B-38BD6B750556}.Release|Any CPU.ActiveCfg = Release|Any CPU
		{B9658271-4101-48F9-806B-38BD6B750556}.Release|Any CPU.Build.0 = Release|Any CPU
	EndGlobalSection
	GlobalSection(SolutionProperties) = preSolution
		HideSolutionNode = FALSE
	EndGlobalSection
EndGlobal
